
Microsoft Visual Studio Solution File, Format Version 12.00
# Visual Studio Version 16
VisualStudioVersion = 16.0.28803.202
MinimumVisualStudioVersion = 10.0.40219.1
Project("{FAE04EC0-301F-11D3-BF4B-00C04F79EFBC}") = "CollectionLinkedList", "CollectionLinkedList\CollectionLinkedList.csproj", "{16B55BBC-E7B0-4294-A090-BBD9EF81C501}"
EndProject
Global
	GlobalSection(SolutionConfigurationPlatforms) = preSolution
		Debug|Any CPU = Debug|Any CPU
		Release|Any CPU = Release|Any CPU
	EndGlobalSection
	GlobalSection(ProjectConfigurationPlatforms) = postSolution
		{16B55BBC-E7B0-4294-A090-BBD9EF81C501}.Debug|Any CPU.ActiveCfg = Debug|Any CPU
		{16B55BBC-E7B0-4294-A090-BBD9EF81C501}.Debug|Any CPU.Build.0 = Debug|Any CPU
		{16B55BBC-E7B0-4294-A090-BBD9EF81C501}.Release|Any CPU.ActiveCfg = Release|Any CPU
		{16B55BBC-E7B0-4294-A090-BBD9EF81C501}.Release|Any CPU.Build.0 = Release|Any CPU
	EndGlobalSection
	GlobalSection(SolutionProperties) = preSolution
		HideSolutionNode = FALSE
	EndGlobalSection
	GlobalSection(ExtensibilityGlobals) = postSolution
		SolutionGuid = {1602F274-A695-4536-A7BB-E4B69D81E136}
	EndGlobalSection
EndGlobal
