
Microsoft Visual Studio Solution File, Format Version 12.00
# Visual Studio Version 16
VisualStudioVersion = 16.0.28803.202
MinimumVisualStudioVersion = 10.0.40219.1
Project("{FAE04EC0-301F-11D3-BF4B-00C04F79EFBC}") = "ColeccionListas", "ColeccionListas\ColeccionListas.csproj", "{86F8711C-0CBA-464E-B947-2D82AC14FBFC}"
EndProject
Global
	GlobalSection(SolutionConfigurationPlatforms) = preSolution
		Debug|Any CPU = Debug|Any CPU
		Release|Any CPU = Release|Any CPU
	EndGlobalSection
	GlobalSection(ProjectConfigurationPlatforms) = postSolution
		{86F8711C-0CBA-464E-B947-2D82AC14FBFC}.Debug|Any CPU.ActiveCfg = Debug|Any CPU
		{86F8711C-0CBA-464E-B947-2D82AC14FBFC}.Debug|Any CPU.Build.0 = Debug|Any CPU
		{86F8711C-0CBA-464E-B947-2D82AC14FBFC}.Release|Any CPU.ActiveCfg = Release|Any CPU
		{86F8711C-0CBA-464E-B947-2D82AC14FBFC}.Release|Any CPU.Build.0 = Release|Any CPU
	EndGlobalSection
	GlobalSection(SolutionProperties) = preSolution
		HideSolutionNode = FALSE
	EndGlobalSection
	GlobalSection(ExtensibilityGlobals) = postSolution
		SolutionGuid = {2D44FFEA-8B4F-4A3E-AA84-CCBDABBE4344}
	EndGlobalSection
EndGlobal
