
Microsoft Visual Studio Solution File, Format Version 12.00
# Visual Studio Version 16
VisualStudioVersion = 16.0.28803.202
MinimumVisualStudioVersion = 10.0.40219.1
Project("{FAE04EC0-301F-11D3-BF4B-00C04F79EFBC}") = "InicializandoColecciones", "InicializandoColecciones\InicializandoColecciones.csproj", "{23E0F0CC-1EE8-4E50-BF34-6BB7A880E774}"
EndProject
Global
	GlobalSection(SolutionConfigurationPlatforms) = preSolution
		Debug|Any CPU = Debug|Any CPU
		Release|Any CPU = Release|Any CPU
	EndGlobalSection
	GlobalSection(ProjectConfigurationPlatforms) = postSolution
		{23E0F0CC-1EE8-4E50-BF34-6BB7A880E774}.Debug|Any CPU.ActiveCfg = Debug|Any CPU
		{23E0F0CC-1EE8-4E50-BF34-6BB7A880E774}.Debug|Any CPU.Build.0 = Debug|Any CPU
		{23E0F0CC-1EE8-4E50-BF34-6BB7A880E774}.Release|Any CPU.ActiveCfg = Release|Any CPU
		{23E0F0CC-1EE8-4E50-BF34-6BB7A880E774}.Release|Any CPU.Build.0 = Release|Any CPU
	EndGlobalSection
	GlobalSection(SolutionProperties) = preSolution
		HideSolutionNode = FALSE
	EndGlobalSection
	GlobalSection(ExtensibilityGlobals) = postSolution
		SolutionGuid = {86BE1DE0-821F-4121-A568-DD1DE13CAF2E}
	EndGlobalSection
EndGlobal
