
Microsoft Visual Studio Solution File, Format Version 12.00
# Visual Studio Version 16
VisualStudioVersion = 16.0.28729.10
MinimumVisualStudioVersion = 10.0.40219.1
Project("{FAE04EC0-301F-11D3-BF4B-00C04F79EFBC}") = "ParametrosMetodos", "ParametrosMetodos\ParametrosMetodos.csproj", "{53942983-D8BC-44F0-98D9-C676B3CE781F}"
EndProject
Global
	GlobalSection(SolutionConfigurationPlatforms) = preSolution
		Debug|Any CPU = Debug|Any CPU
		Release|Any CPU = Release|Any CPU
	EndGlobalSection
	GlobalSection(ProjectConfigurationPlatforms) = postSolution
		{53942983-D8BC-44F0-98D9-C676B3CE781F}.Debug|Any CPU.ActiveCfg = Debug|Any CPU
		{53942983-D8BC-44F0-98D9-C676B3CE781F}.Debug|Any CPU.Build.0 = Debug|Any CPU
		{53942983-D8BC-44F0-98D9-C676B3CE781F}.Release|Any CPU.ActiveCfg = Release|Any CPU
		{53942983-D8BC-44F0-98D9-C676B3CE781F}.Release|Any CPU.Build.0 = Release|Any CPU
	EndGlobalSection
	GlobalSection(SolutionProperties) = preSolution
		HideSolutionNode = FALSE
	EndGlobalSection
	GlobalSection(ExtensibilityGlobals) = postSolution
		SolutionGuid = {A14C590A-805E-4E8C-B8D9-1F8AAD7B289B}
	EndGlobalSection
EndGlobal
