
Microsoft Visual Studio Solution File, Format Version 12.00
# Visual Studio Version 16
VisualStudioVersion = 16.0.28803.156
MinimumVisualStudioVersion = 10.0.40219.1
Project("{FAE04EC0-301F-11D3-BF4B-00C04F79EFBC}") = "AdministracionRecursos", "AdministracionRecursos\AdministracionRecursos.csproj", "{F07D5911-B7B7-4033-A87F-263E9BDAA26A}"
EndProject
Global
	GlobalSection(SolutionConfigurationPlatforms) = preSolution
		Debug|Any CPU = Debug|Any CPU
		Release|Any CPU = Release|Any CPU
	EndGlobalSection
	GlobalSection(ProjectConfigurationPlatforms) = postSolution
		{F07D5911-B7B7-4033-A87F-263E9BDAA26A}.Debug|Any CPU.ActiveCfg = Debug|Any CPU
		{F07D5911-B7B7-4033-A87F-263E9BDAA26A}.Debug|Any CPU.Build.0 = Debug|Any CPU
		{F07D5911-B7B7-4033-A87F-263E9BDAA26A}.Release|Any CPU.ActiveCfg = Release|Any CPU
		{F07D5911-B7B7-4033-A87F-263E9BDAA26A}.Release|Any CPU.Build.0 = Release|Any CPU
	EndGlobalSection
	GlobalSection(SolutionProperties) = preSolution
		HideSolutionNode = FALSE
	EndGlobalSection
	GlobalSection(ExtensibilityGlobals) = postSolution
		SolutionGuid = {8FEFFFCA-3B31-47BA-9234-8B86216BE8F6}
	EndGlobalSection
EndGlobal
