
Microsoft Visual Studio Solution File, Format Version 12.00
# Visual Studio Version 16
VisualStudioVersion = 16.0.28803.202
MinimumVisualStudioVersion = 10.0.40219.1
Project("{FAE04EC0-301F-11D3-BF4B-00C04F79EFBC}") = "LinQ", "LinQ\LinQ.csproj", "{54D13B58-42D6-4D16-BF5B-465C2CA9DEFC}"
EndProject
Global
	GlobalSection(SolutionConfigurationPlatforms) = preSolution
		Debug|Any CPU = Debug|Any CPU
		Release|Any CPU = Release|Any CPU
	EndGlobalSection
	GlobalSection(ProjectConfigurationPlatforms) = postSolution
		{54D13B58-42D6-4D16-BF5B-465C2CA9DEFC}.Debug|Any CPU.ActiveCfg = Debug|Any CPU
		{54D13B58-42D6-4D16-BF5B-465C2CA9DEFC}.Debug|Any CPU.Build.0 = Debug|Any CPU
		{54D13B58-42D6-4D16-BF5B-465C2CA9DEFC}.Release|Any CPU.ActiveCfg = Release|Any CPU
		{54D13B58-42D6-4D16-BF5B-465C2CA9DEFC}.Release|Any CPU.Build.0 = Release|Any CPU
	EndGlobalSection
	GlobalSection(SolutionProperties) = preSolution
		HideSolutionNode = FALSE
	EndGlobalSection
	GlobalSection(ExtensibilityGlobals) = postSolution
		SolutionGuid = {E455FA76-E14D-4B85-AA8C-7E08A0D225B5}
	EndGlobalSection
EndGlobal
