
Microsoft Visual Studio Solution File, Format Version 12.00
# Visual Studio Version 16
VisualStudioVersion = 16.0.28803.352
MinimumVisualStudioVersion = 10.0.40219.1
Project("{9A19103F-16F7-4668-BE54-9A1E7A4F7556}") = "IHostedServiceDemoEF", "IHostedServiceDemo\IHostedServiceDemoEF.csproj", "{F4B27820-98DD-4D7F-A21F-1E90779037DA}"
EndProject
Global
	GlobalSection(SolutionConfigurationPlatforms) = preSolution
		Debug|Any CPU = Debug|Any CPU
		Release|Any CPU = Release|Any CPU
	EndGlobalSection
	GlobalSection(ProjectConfigurationPlatforms) = postSolution
		{F4B27820-98DD-4D7F-A21F-1E90779037DA}.Debug|Any CPU.ActiveCfg = Debug|Any CPU
		{F4B27820-98DD-4D7F-A21F-1E90779037DA}.Debug|Any CPU.Build.0 = Debug|Any CPU
		{F4B27820-98DD-4D7F-A21F-1E90779037DA}.Release|Any CPU.ActiveCfg = Release|Any CPU
		{F4B27820-98DD-4D7F-A21F-1E90779037DA}.Release|Any CPU.Build.0 = Release|Any CPU
	EndGlobalSection
	GlobalSection(SolutionProperties) = preSolution
		HideSolutionNode = FALSE
	EndGlobalSection
	GlobalSection(ExtensibilityGlobals) = postSolution
		SolutionGuid = {E9BE187B-A37C-4688-BBFA-2B00C2D7EA75}
	EndGlobalSection
EndGlobal
